
Microsoft Visual Studio Solution File, Format Version 12.00
# Visual Studio 15
VisualStudioVersion = 15.0.27130.2010
MinimumVisualStudioVersion = 10.0.40219.1
Project("{FAE04EC0-301F-11D3-BF4B-00C04F79EFBC}") = "KoNorBeadando", "KoNorBeadando\KoNorBeadando.csproj", "{A2BE76EC-7FEE-4E99-A09F-5D4413759A7C}"
EndProject
Global
	GlobalSection(SolutionConfigurationPlatforms) = preSolution
		Debug|Any CPU = Debug|Any CPU
		Release|Any CPU = Release|Any CPU
	EndGlobalSection
	GlobalSection(ProjectConfigurationPlatforms) = postSolution
		{A2BE76EC-7FEE-4E99-A09F-5D4413759A7C}.Debug|Any CPU.ActiveCfg = Debug|Any CPU
		{A2BE76EC-7FEE-4E99-A09F-5D4413759A7C}.Debug|Any CPU.Build.0 = Debug|Any CPU
		{A2BE76EC-7FEE-4E99-A09F-5D4413759A7C}.Release|Any CPU.ActiveCfg = Release|Any CPU
		{A2BE76EC-7FEE-4E99-A09F-5D4413759A7C}.Release|Any CPU.Build.0 = Release|Any CPU
	EndGlobalSection
	GlobalSection(SolutionProperties) = preSolution
		HideSolutionNode = FALSE
	EndGlobalSection
	GlobalSection(ExtensibilityGlobals) = postSolution
		SolutionGuid = {86F7F5F1-1B33-436A-B811-E5301445D5B8}
	EndGlobalSection
EndGlobal
